
Microsoft Visual Studio Solution File, Format Version 12.00
# Visual Studio Version 16
VisualStudioVersion = 16.0.29418.71
MinimumVisualStudioVersion = 10.0.40219.1
Project("{FAE04EC0-301F-11D3-BF4B-00C04F79EFBC}") = "Choose_Your_Own_Adventure", "Choose_Your_Own_Adventure\Choose_Your_Own_Adventure.csproj", "{148498F5-3914-49B3-9368-A293A3F1C8F5}"
EndProject
Global
	GlobalSection(SolutionConfigurationPlatforms) = preSolution
		Debug|Any CPU = Debug|Any CPU
		Release|Any CPU = Release|Any CPU
	EndGlobalSection
	GlobalSection(ProjectConfigurationPlatforms) = postSolution
		{148498F5-3914-49B3-9368-A293A3F1C8F5}.Debug|Any CPU.ActiveCfg = Debug|Any CPU
		{148498F5-3914-49B3-9368-A293A3F1C8F5}.Debug|Any CPU.Build.0 = Debug|Any CPU
		{148498F5-3914-49B3-9368-A293A3F1C8F5}.Release|Any CPU.ActiveCfg = Release|Any CPU
		{148498F5-3914-49B3-9368-A293A3F1C8F5}.Release|Any CPU.Build.0 = Release|Any CPU
	EndGlobalSection
	GlobalSection(SolutionProperties) = preSolution
		HideSolutionNode = FALSE
	EndGlobalSection
	GlobalSection(ExtensibilityGlobals) = postSolution
		SolutionGuid = {5F88E8A6-0644-452E-B153-EEB5D63BFFC0}
	EndGlobalSection
EndGlobal
